
Microsoft Visual Studio Solution File, Format Version 12.00
# Visual Studio Version 16
VisualStudioVersion = 16.0.29326.143
MinimumVisualStudioVersion = 10.0.40219.1
Project("{FAE04EC0-301F-11D3-BF4B-00C04F79EFBC}") = "Zone", "Zone\Zone.csproj", "{47F3048E-771F-437B-91A3-640CA15FBE7F}"
EndProject
Project("{FAE04EC0-301F-11D3-BF4B-00C04F79EFBC}") = "Zone.Test", "Zone.Test\Zone.Test.csproj", "{E7FFA815-AFA2-4BB7-ABE3-6B006E6C3396}"
EndProject
Global
	GlobalSection(SolutionConfigurationPlatforms) = preSolution
		Debug|Any CPU = Debug|Any CPU
		Release|Any CPU = Release|Any CPU
	EndGlobalSection
	GlobalSection(ProjectConfigurationPlatforms) = postSolution
		{47F3048E-771F-437B-91A3-640CA15FBE7F}.Debug|Any CPU.ActiveCfg = Debug|Any CPU
		{47F3048E-771F-437B-91A3-640CA15FBE7F}.Debug|Any CPU.Build.0 = Debug|Any CPU
		{47F3048E-771F-437B-91A3-640CA15FBE7F}.Release|Any CPU.ActiveCfg = Release|Any CPU
		{47F3048E-771F-437B-91A3-640CA15FBE7F}.Release|Any CPU.Build.0 = Release|Any CPU
		{E7FFA815-AFA2-4BB7-ABE3-6B006E6C3396}.Debug|Any CPU.ActiveCfg = Debug|Any CPU
		{E7FFA815-AFA2-4BB7-ABE3-6B006E6C3396}.Debug|Any CPU.Build.0 = Debug|Any CPU
		{E7FFA815-AFA2-4BB7-ABE3-6B006E6C3396}.Release|Any CPU.ActiveCfg = Release|Any CPU
		{E7FFA815-AFA2-4BB7-ABE3-6B006E6C3396}.Release|Any CPU.Build.0 = Release|Any CPU
	EndGlobalSection
	GlobalSection(SolutionProperties) = preSolution
		HideSolutionNode = FALSE
	EndGlobalSection
	GlobalSection(ExtensibilityGlobals) = postSolution
		SolutionGuid = {31A79283-990A-4808-AD88-FBA5CADF13FE}
	EndGlobalSection
EndGlobal
